
Microsoft Visual Studio Solution File, Format Version 12.00
# Visual Studio 15
VisualStudioVersion = 15.0.26403.7
MinimumVisualStudioVersion = 10.0.40219.1
Project("{FAE04EC0-301F-11D3-BF4B-00C04F79EFBC}") = "Thermometer", "Thermometer\Thermometer.csproj", "{9C63520C-80E4-40AA-8010-E942BB6459E7}"
EndProject
Project("{FAE04EC0-301F-11D3-BF4B-00C04F79EFBC}") = "ThermometerTest", "ThermometerTest\ThermometerTest.csproj", "{14C9E63D-5096-45B4-B0C5-7B119E176FAC}"
EndProject
Global
	GlobalSection(SolutionConfigurationPlatforms) = preSolution
		Debug|Any CPU = Debug|Any CPU
		Release|Any CPU = Release|Any CPU
	EndGlobalSection
	GlobalSection(ProjectConfigurationPlatforms) = postSolution
		{9C63520C-80E4-40AA-8010-E942BB6459E7}.Debug|Any CPU.ActiveCfg = Debug|Any CPU
		{9C63520C-80E4-40AA-8010-E942BB6459E7}.Debug|Any CPU.Build.0 = Debug|Any CPU
		{9C63520C-80E4-40AA-8010-E942BB6459E7}.Release|Any CPU.ActiveCfg = Release|Any CPU
		{9C63520C-80E4-40AA-8010-E942BB6459E7}.Release|Any CPU.Build.0 = Release|Any CPU
		{14C9E63D-5096-45B4-B0C5-7B119E176FAC}.Debug|Any CPU.ActiveCfg = Debug|Any CPU
		{14C9E63D-5096-45B4-B0C5-7B119E176FAC}.Debug|Any CPU.Build.0 = Debug|Any CPU
		{14C9E63D-5096-45B4-B0C5-7B119E176FAC}.Release|Any CPU.ActiveCfg = Release|Any CPU
		{14C9E63D-5096-45B4-B0C5-7B119E176FAC}.Release|Any CPU.Build.0 = Release|Any CPU
	EndGlobalSection
	GlobalSection(SolutionProperties) = preSolution
		HideSolutionNode = FALSE
	EndGlobalSection
EndGlobal
